
Microsoft Visual Studio Solution File, Format Version 12.00
# Visual Studio 15
VisualStudioVersion = 15.0.33919.361
MinimumVisualStudioVersion = 10.0.40219.1
Project("{FAE04EC0-301F-11D3-BF4B-00C04F79EFBC}") = "Customer.WebApp", "Customer.WebApp\Customer.WebApp.csproj", "{DC447B24-416F-4DFB-BC74-47B6FD89F9A9}"
EndProject
Project("{FAE04EC0-301F-11D3-BF4B-00C04F79EFBC}") = "Customer.WebApp.Tests", "Customer.WebApp.Tests\Customer.WebApp.Tests.csproj", "{109D861B-6460-47CE-8CBA-DE18BDC8B76F}"
EndProject
Global
	GlobalSection(SolutionConfigurationPlatforms) = preSolution
		Debug|Any CPU = Debug|Any CPU
		Release|Any CPU = Release|Any CPU
	EndGlobalSection
	GlobalSection(ProjectConfigurationPlatforms) = postSolution
		{DC447B24-416F-4DFB-BC74-47B6FD89F9A9}.Debug|Any CPU.ActiveCfg = Debug|Any CPU
		{DC447B24-416F-4DFB-BC74-47B6FD89F9A9}.Debug|Any CPU.Build.0 = Debug|Any CPU
		{DC447B24-416F-4DFB-BC74-47B6FD89F9A9}.Release|Any CPU.ActiveCfg = Release|Any CPU
		{DC447B24-416F-4DFB-BC74-47B6FD89F9A9}.Release|Any CPU.Build.0 = Release|Any CPU
		{109D861B-6460-47CE-8CBA-DE18BDC8B76F}.Debug|Any CPU.ActiveCfg = Debug|Any CPU
		{109D861B-6460-47CE-8CBA-DE18BDC8B76F}.Debug|Any CPU.Build.0 = Debug|Any CPU
		{109D861B-6460-47CE-8CBA-DE18BDC8B76F}.Release|Any CPU.ActiveCfg = Release|Any CPU
		{109D861B-6460-47CE-8CBA-DE18BDC8B76F}.Release|Any CPU.Build.0 = Release|Any CPU
	EndGlobalSection
	GlobalSection(SolutionProperties) = preSolution
		HideSolutionNode = FALSE
	EndGlobalSection
	GlobalSection(ExtensibilityGlobals) = postSolution
		SolutionGuid = {AB72086E-37D4-4AC6-9AA1-F0DCF73393E1}
	EndGlobalSection
EndGlobal
